
Microsoft Visual Studio Solution File, Format Version 12.00
# Visual Studio Version 16
VisualStudioVersion = 16.0.31515.178
MinimumVisualStudioVersion = 10.0.40219.1
Project("{9A19103F-16F7-4668-BE54-9A1E7A4F7556}") = "MyTestApp", "MyTestApp\MyTestApp.csproj", "{A41BC9F8-7D8B-4651-9063-3C1786779FA2}"
EndProject
Project("{FAE04EC0-301F-11D3-BF4B-00C04F79EFBC}") = "UnitTest200", "UnitTest200\UnitTest200.csproj", "{E79DFD30-EEBE-473A-A159-B4FA0FA1D9A9}"
EndProject
Global
	GlobalSection(SolutionConfigurationPlatforms) = preSolution
		Debug|Any CPU = Debug|Any CPU
		Release|Any CPU = Release|Any CPU
	EndGlobalSection
	GlobalSection(ProjectConfigurationPlatforms) = postSolution
		{A41BC9F8-7D8B-4651-9063-3C1786779FA2}.Debug|Any CPU.ActiveCfg = Debug|Any CPU
		{A41BC9F8-7D8B-4651-9063-3C1786779FA2}.Debug|Any CPU.Build.0 = Debug|Any CPU
		{A41BC9F8-7D8B-4651-9063-3C1786779FA2}.Release|Any CPU.ActiveCfg = Release|Any CPU
		{A41BC9F8-7D8B-4651-9063-3C1786779FA2}.Release|Any CPU.Build.0 = Release|Any CPU
		{E79DFD30-EEBE-473A-A159-B4FA0FA1D9A9}.Debug|Any CPU.ActiveCfg = Debug|Any CPU
		{E79DFD30-EEBE-473A-A159-B4FA0FA1D9A9}.Debug|Any CPU.Build.0 = Debug|Any CPU
		{E79DFD30-EEBE-473A-A159-B4FA0FA1D9A9}.Release|Any CPU.ActiveCfg = Release|Any CPU
		{E79DFD30-EEBE-473A-A159-B4FA0FA1D9A9}.Release|Any CPU.Build.0 = Release|Any CPU
	EndGlobalSection
	GlobalSection(SolutionProperties) = preSolution
		HideSolutionNode = FALSE
	EndGlobalSection
	GlobalSection(ExtensibilityGlobals) = postSolution
		SolutionGuid = {C0BACCEA-B593-4F87-B219-F988003A44A2}
	EndGlobalSection
EndGlobal
